
Microsoft Visual Studio Solution File, Format Version 12.00
# Visual Studio Version 16
VisualStudioVersion = 16.0.30611.23
MinimumVisualStudioVersion = 10.0.40219.1
Project("{9A19103F-16F7-4668-BE54-9A1E7A4F7556}") = "API-MTWDM101", "API-MTWDM101.csproj", "{86DDA5B2-D7F2-4681-84F7-9F38BE7E131B}"
EndProject
Project("{FAE04EC0-301F-11D3-BF4B-00C04F79EFBC}") = "APIUsers.Library", "..\APIUsers.Library\APIUsers.Library.csproj", "{008EFC54-DC09-487C-B7DB-6E86E6808375}"
EndProject
Global
	GlobalSection(SolutionConfigurationPlatforms) = preSolution
		Debug|Any CPU = Debug|Any CPU
		Release|Any CPU = Release|Any CPU
	EndGlobalSection
	GlobalSection(ProjectConfigurationPlatforms) = postSolution
		{86DDA5B2-D7F2-4681-84F7-9F38BE7E131B}.Debug|Any CPU.ActiveCfg = Debug|Any CPU
		{86DDA5B2-D7F2-4681-84F7-9F38BE7E131B}.Debug|Any CPU.Build.0 = Debug|Any CPU
		{86DDA5B2-D7F2-4681-84F7-9F38BE7E131B}.Release|Any CPU.ActiveCfg = Release|Any CPU
		{86DDA5B2-D7F2-4681-84F7-9F38BE7E131B}.Release|Any CPU.Build.0 = Release|Any CPU
		{008EFC54-DC09-487C-B7DB-6E86E6808375}.Debug|Any CPU.ActiveCfg = Debug|Any CPU
		{008EFC54-DC09-487C-B7DB-6E86E6808375}.Debug|Any CPU.Build.0 = Debug|Any CPU
		{008EFC54-DC09-487C-B7DB-6E86E6808375}.Release|Any CPU.ActiveCfg = Release|Any CPU
		{008EFC54-DC09-487C-B7DB-6E86E6808375}.Release|Any CPU.Build.0 = Release|Any CPU
	EndGlobalSection
	GlobalSection(SolutionProperties) = preSolution
		HideSolutionNode = FALSE
	EndGlobalSection
	GlobalSection(ExtensibilityGlobals) = postSolution
		SolutionGuid = {6128619E-AD89-4F3F-9F3E-2748A5D316AB}
	EndGlobalSection
EndGlobal
